{
  "version": 4,
  "terraform_version": "1.11.2",
  "serial": 57,
  "lineage": "701bd448-3bc7-a3d1-92f4-51e26a5858f2",
  "outputs": {
    "location": {
      "value": "eastasia",
      "type": "string"
    },
    "rg_name": {
      "value": "nginx-rg",
      "type": "string"
    }
  },
  "resources": [
    {
      "module": "module.compute",
      "mode": "managed",
      "type": "azurerm_network_interface",
      "name": "nic",
      "provider": "provider[\"registry.terraform.io/hashicorp/azurerm\"]",
      "instances": [
        {
          "schema_version": 0,
          "attributes": {
            "accelerated_networking_enabled": false,
            "applied_dns_servers": [],
            "auxiliary_mode": "",
            "auxiliary_sku": "",
            "dns_servers": [],
            "edge_zone": "",
            "enable_accelerated_networking": false,
            "enable_ip_forwarding": false,
            "id": "/subscriptions/caf93f2a-8d99-4e53-b5cf-fcab3229fae7/resourceGroups/docker-rg/providers/Microsoft.Network/networkInterfaces/nginx-vm-nic",
            "internal_dns_name_label": "",
            "internal_domain_name_suffix": "0d0fzysv1qru5gjxq2eqfnezpa.hx.internal.cloudapp.net",
            "ip_configuration": [
              {
                "gateway_load_balancer_frontend_ip_configuration_id": "",
                "name": "internal",
                "primary": true,
                "private_ip_address": "10.0.1.4",
                "private_ip_address_allocation": "Dynamic",
                "private_ip_address_version": "IPv4",
                "public_ip_address_id": "",
                "subnet_id": "/subscriptions/caf93f2a-8d99-4e53-b5cf-fcab3229fae7/resourceGroups/docker-rg/providers/Microsoft.Network/virtualNetworks/dev-vnet/subnets/dev-subnet"
              }
            ],
            "ip_forwarding_enabled": false,
            "location": "eastasia",
            "mac_address": "",
            "name": "nginx-vm-nic",
            "private_ip_address": "10.0.1.4",
            "private_ip_addresses": [
              "10.0.1.4"
            ],
            "resource_group_name": "docker-rg",
            "tags": null,
            "timeouts": null,
            "virtual_machine_id": ""
          },
          "sensitive_attributes": [],
          "private": "eyJlMmJmYjczMC1lY2FhLTExZTYtOGY4OC0zNDM2M2JjN2M0YzAiOnsiY3JlYXRlIjoxODAwMDAwMDAwMDAwLCJkZWxldGUiOjE4MDAwMDAwMDAwMDAsInJlYWQiOjMwMDAwMDAwMDAwMCwidXBkYXRlIjoxODAwMDAwMDAwMDAwfX0=",
          "dependencies": [
            "module.networking.azurerm_resource_group.rg",
            "module.networking.azurerm_subnet.subnet",
            "module.networking.azurerm_virtual_network.vnet"
          ]
        }
      ]
    },
    {
      "module": "module.compute",
      "mode": "managed",
      "type": "azurerm_network_interface_security_group_association",
      "name": "nsg_assoc",
      "provider": "provider[\"registry.terraform.io/hashicorp/azurerm\"]",
      "instances": [
        {
          "schema_version": 0,
          "attributes": {
            "id": "/subscriptions/caf93f2a-8d99-4e53-b5cf-fcab3229fae7/resourceGroups/docker-rg/providers/Microsoft.Network/networkInterfaces/nginx-vm-nic|/subscriptions/caf93f2a-8d99-4e53-b5cf-fcab3229fae7/resourceGroups/docker-rg/providers/Microsoft.Network/networkSecurityGroups/nginx-vm-nsg-1",
            "network_interface_id": "/subscriptions/caf93f2a-8d99-4e53-b5cf-fcab3229fae7/resourceGroups/docker-rg/providers/Microsoft.Network/networkInterfaces/nginx-vm-nic",
            "network_security_group_id": "/subscriptions/caf93f2a-8d99-4e53-b5cf-fcab3229fae7/resourceGroups/docker-rg/providers/Microsoft.Network/networkSecurityGroups/nginx-vm-nsg-1",
            "timeouts": null
          },
          "sensitive_attributes": [],
          "private": "eyJlMmJmYjczMC1lY2FhLTExZTYtOGY4OC0zNDM2M2JjN2M0YzAiOnsiY3JlYXRlIjoxODAwMDAwMDAwMDAwLCJkZWxldGUiOjE4MDAwMDAwMDAwMDAsInJlYWQiOjMwMDAwMDAwMDAwMH19",
          "dependencies": [
            "module.compute.azurerm_network_interface.nic",
            "module.compute.azurerm_network_security_group.nsg",
            "module.networking.azurerm_resource_group.rg",
            "module.networking.azurerm_subnet.subnet",
            "module.networking.azurerm_virtual_network.vnet"
          ]
        }
      ]
    },
    {
      "module": "module.compute",
      "mode": "managed",
      "type": "azurerm_network_security_group",
      "name": "nsg",
      "provider": "provider[\"registry.terraform.io/hashicorp/azurerm\"]",
      "instances": [
        {
          "schema_version": 0,
          "attributes": {
            "id": "/subscriptions/caf93f2a-8d99-4e53-b5cf-fcab3229fae7/resourceGroups/docker-rg/providers/Microsoft.Network/networkSecurityGroups/nginx-vm-nsg-1",
            "location": "eastasia",
            "name": "nginx-vm-nsg-1",
            "resource_group_name": "docker-rg",
            "security_rule": [],
            "tags": null,
            "timeouts": null
          },
          "sensitive_attributes": [],
          "private": "eyJlMmJmYjczMC1lY2FhLTExZTYtOGY4OC0zNDM2M2JjN2M0YzAiOnsiY3JlYXRlIjoxODAwMDAwMDAwMDAwLCJkZWxldGUiOjE4MDAwMDAwMDAwMDAsInJlYWQiOjMwMDAwMDAwMDAwMCwidXBkYXRlIjoxODAwMDAwMDAwMDAwfX0=",
          "dependencies": [
            "module.networking.azurerm_resource_group.rg"
          ]
        }
      ]
    },
    {
      "module": "module.compute",
      "mode": "managed",
      "type": "azurerm_network_security_rule",
      "name": "http",
      "provider": "provider[\"registry.terraform.io/hashicorp/azurerm\"]",
      "instances": [
        {
          "schema_version": 0,
          "attributes": {
            "access": "Allow",
            "description": "",
            "destination_address_prefix": "*",
            "destination_address_prefixes": null,
            "destination_application_security_group_ids": null,
            "destination_port_range": "80",
            "destination_port_ranges": null,
            "direction": "Inbound",
            "id": "/subscriptions/caf93f2a-8d99-4e53-b5cf-fcab3229fae7/resourceGroups/docker-rg/providers/Microsoft.Network/networkSecurityGroups/nginx-vm-nsg-1/securityRules/Allow-HTTP",
            "name": "Allow-HTTP",
            "network_security_group_name": "nginx-vm-nsg-1",
            "priority": 1002,
            "protocol": "Tcp",
            "resource_group_name": "docker-rg",
            "source_address_prefix": "*",
            "source_address_prefixes": null,
            "source_application_security_group_ids": null,
            "source_port_range": "*",
            "source_port_ranges": null,
            "timeouts": null
          },
          "sensitive_attributes": [],
          "private": "eyJlMmJmYjczMC1lY2FhLTExZTYtOGY4OC0zNDM2M2JjN2M0YzAiOnsiY3JlYXRlIjoxODAwMDAwMDAwMDAwLCJkZWxldGUiOjE4MDAwMDAwMDAwMDAsInJlYWQiOjMwMDAwMDAwMDAwMCwidXBkYXRlIjoxODAwMDAwMDAwMDAwfX0=",
          "dependencies": [
            "module.compute.azurerm_network_security_group.nsg",
            "module.networking.azurerm_resource_group.rg"
          ]
        }
      ]
    },
    {
      "module": "module.compute",
      "mode": "managed",
      "type": "azurerm_network_security_rule",
      "name": "ssh",
      "provider": "provider[\"registry.terraform.io/hashicorp/azurerm\"]",
      "instances": [
        {
          "schema_version": 0,
          "attributes": {
            "access": "Allow",
            "description": "",
            "destination_address_prefix": "*",
            "destination_address_prefixes": null,
            "destination_application_security_group_ids": null,
            "destination_port_range": "22",
            "destination_port_ranges": null,
            "direction": "Inbound",
            "id": "/subscriptions/caf93f2a-8d99-4e53-b5cf-fcab3229fae7/resourceGroups/docker-rg/providers/Microsoft.Network/networkSecurityGroups/nginx-vm-nsg-1/securityRules/Allow-SSH",
            "name": "Allow-SSH",
            "network_security_group_name": "nginx-vm-nsg-1",
            "priority": 1001,
            "protocol": "Tcp",
            "resource_group_name": "docker-rg",
            "source_address_prefix": "*",
            "source_address_prefixes": null,
            "source_application_security_group_ids": null,
            "source_port_range": "*",
            "source_port_ranges": null,
            "timeouts": null
          },
          "sensitive_attributes": [],
          "private": "eyJlMmJmYjczMC1lY2FhLTExZTYtOGY4OC0zNDM2M2JjN2M0YzAiOnsiY3JlYXRlIjoxODAwMDAwMDAwMDAwLCJkZWxldGUiOjE4MDAwMDAwMDAwMDAsInJlYWQiOjMwMDAwMDAwMDAwMCwidXBkYXRlIjoxODAwMDAwMDAwMDAwfX0=",
          "dependencies": [
            "module.compute.azurerm_network_security_group.nsg",
            "module.networking.azurerm_resource_group.rg"
          ]
        }
      ]
    },
    {
      "module": "module.networking",
      "mode": "managed",
      "type": "azurerm_resource_group",
      "name": "rg",
      "provider": "provider[\"registry.terraform.io/hashicorp/azurerm\"]",
      "instances": [
        {
          "schema_version": 0,
          "attributes": {
            "id": "/subscriptions/caf93f2a-8d99-4e53-b5cf-fcab3229fae7/resourceGroups/docker-rg",
            "location": "eastasia",
            "managed_by": "",
            "name": "docker-rg",
            "tags": {},
            "timeouts": null
          },
          "sensitive_attributes": [],
          "private": "eyJlMmJmYjczMC1lY2FhLTExZTYtOGY4OC0zNDM2M2JjN2M0YzAiOnsiY3JlYXRlIjo1NDAwMDAwMDAwMDAwLCJkZWxldGUiOjU0MDAwMDAwMDAwMDAsInJlYWQiOjMwMDAwMDAwMDAwMCwidXBkYXRlIjo1NDAwMDAwMDAwMDAwfX0="
        }
      ]
    },
    {
      "module": "module.networking",
      "mode": "managed",
      "type": "azurerm_subnet",
      "name": "subnet",
      "provider": "provider[\"registry.terraform.io/hashicorp/azurerm\"]",
      "instances": [
        {
          "schema_version": 0,
          "attributes": {
            "address_prefixes": [
              "10.0.1.0/24"
            ],
            "default_outbound_access_enabled": true,
            "delegation": [],
            "enforce_private_link_endpoint_network_policies": false,
            "enforce_private_link_service_network_policies": false,
            "id": "/subscriptions/caf93f2a-8d99-4e53-b5cf-fcab3229fae7/resourceGroups/docker-rg/providers/Microsoft.Network/virtualNetworks/dev-vnet/subnets/dev-subnet",
            "name": "dev-subnet",
            "private_endpoint_network_policies": "Enabled",
            "private_endpoint_network_policies_enabled": true,
            "private_link_service_network_policies_enabled": true,
            "resource_group_name": "docker-rg",
            "service_endpoint_policy_ids": null,
            "service_endpoints": null,
            "timeouts": null,
            "virtual_network_name": "dev-vnet"
          },
          "sensitive_attributes": [],
          "private": "eyJlMmJmYjczMC1lY2FhLTExZTYtOGY4OC0zNDM2M2JjN2M0YzAiOnsiY3JlYXRlIjoxODAwMDAwMDAwMDAwLCJkZWxldGUiOjE4MDAwMDAwMDAwMDAsInJlYWQiOjMwMDAwMDAwMDAwMCwidXBkYXRlIjoxODAwMDAwMDAwMDAwfX0=",
          "dependencies": [
            "module.networking.azurerm_resource_group.rg",
            "module.networking.azurerm_virtual_network.vnet"
          ]
        }
      ]
    },
    {
      "module": "module.networking",
      "mode": "managed",
      "type": "azurerm_virtual_network",
      "name": "vnet",
      "provider": "provider[\"registry.terraform.io/hashicorp/azurerm\"]",
      "instances": [
        {
          "schema_version": 0,
          "attributes": {
            "address_space": [
              "10.0.0.0/16"
            ],
            "bgp_community": "",
            "ddos_protection_plan": [],
            "dns_servers": [],
            "edge_zone": "",
            "encryption": [],
            "flow_timeout_in_minutes": 0,
            "guid": "e25cf4d0-dc55-4f23-9937-870902b49978",
            "id": "/subscriptions/caf93f2a-8d99-4e53-b5cf-fcab3229fae7/resourceGroups/docker-rg/providers/Microsoft.Network/virtualNetworks/dev-vnet",
            "location": "eastasia",
            "name": "dev-vnet",
            "resource_group_name": "docker-rg",
            "subnet": [],
            "tags": {},
            "timeouts": null
          },
          "sensitive_attributes": [],
          "private": "eyJlMmJmYjczMC1lY2FhLTExZTYtOGY4OC0zNDM2M2JjN2M0YzAiOnsiY3JlYXRlIjoxODAwMDAwMDAwMDAwLCJkZWxldGUiOjE4MDAwMDAwMDAwMDAsInJlYWQiOjMwMDAwMDAwMDAwMCwidXBkYXRlIjoxODAwMDAwMDAwMDAwfX0=",
          "dependencies": [
            "module.networking.azurerm_resource_group.rg"
          ]
        }
      ]
    }
  ],
  "check_results": null
}
