{
  "version": 4,
  "terraform_version": "1.13.3",
  "serial": 38,
  "lineage": "701bd448-3bc7-a3d1-92f4-51e26a5858f2",
  "outputs": {
    "location": {
      "value": "East US",
      "type": "string"
    },
    "rg_name": {
      "value": "nginx-rg",
      "type": "string"
    }
  },
  "resources": [
    {
      "module": "module.networking",
      "mode": "managed",
      "type": "azurerm_resource_group",
      "name": "rg",
      "provider": "provider[\"registry.terraform.io/hashicorp/azurerm\"]",
      "instances": [
        {
          "schema_version": 0,
          "attributes": {
            "id": "/subscriptions/caf93f2a-8d99-4e53-b5cf-fcab3229fae7/resourceGroups/docker-rg",
            "location": "eastus",
            "managed_by": "",
            "name": "docker-rg",
            "tags": {},
            "timeouts": null
          },
          "sensitive_attributes": [],
          "identity_schema_version": 0,
          "private": "eyJlMmJmYjczMC1lY2FhLTExZTYtOGY4OC0zNDM2M2JjN2M0YzAiOnsiY3JlYXRlIjo1NDAwMDAwMDAwMDAwLCJkZWxldGUiOjU0MDAwMDAwMDAwMDAsInJlYWQiOjMwMDAwMDAwMDAwMCwidXBkYXRlIjo1NDAwMDAwMDAwMDAwfX0="
        }
      ]
    }
  ],
  "check_results": null
}
